
Microsoft Visual Studio Solution File, Format Version 12.00
# Visual Studio Version 16
VisualStudioVersion = 16.0.30011.22
MinimumVisualStudioVersion = 10.0.40219.1
Project("{FAE04EC0-301F-11D3-BF4B-00C04F79EFBC}") = "CalculadoraCor", "CalculadoraCor.csproj", "{C7FBC968-7237-4830-99C0-1826AC79FCBE}"
EndProject
Global
	GlobalSection(SolutionConfigurationPlatforms) = preSolution
		Debug|Any CPU = Debug|Any CPU
		Release|Any CPU = Release|Any CPU
	EndGlobalSection
	GlobalSection(ProjectConfigurationPlatforms) = postSolution
		{C7FBC968-7237-4830-99C0-1826AC79FCBE}.Debug|Any CPU.ActiveCfg = Debug|Any CPU
		{C7FBC968-7237-4830-99C0-1826AC79FCBE}.Debug|Any CPU.Build.0 = Debug|Any CPU
		{C7FBC968-7237-4830-99C0-1826AC79FCBE}.Release|Any CPU.ActiveCfg = Release|Any CPU
		{C7FBC968-7237-4830-99C0-1826AC79FCBE}.Release|Any CPU.Build.0 = Release|Any CPU
	EndGlobalSection
	GlobalSection(SolutionProperties) = preSolution
		HideSolutionNode = FALSE
	EndGlobalSection
	GlobalSection(ExtensibilityGlobals) = postSolution
		SolutionGuid = {7BD83174-2271-442C-B74F-8B5C0C28BC2E}
	EndGlobalSection
EndGlobal
